
Microsoft Visual Studio Solution File, Format Version 12.00
# Visual Studio 2012
Project("{2150E333-8FDC-42A3-9474-1A3956D46DE8}") = "Lib", "Lib", "{F08168CA-1925-4157-A3FF-B9A1279D41D8}"
EndProject
Project("{FAE04EC0-301F-11D3-BF4B-00C04F79EFBC}") = "HyperKore", "HyperBase\HyperKore.csproj", "{74F65D7F-C999-4A0B-8316-9C093660DCF7}"
EndProject
Project("{FAE04EC0-301F-11D3-BF4B-00C04F79EFBC}") = "HyperPlugin", "HyperPlugin\HyperPlugin.csproj", "{BEF59A5B-5FAF-405E-9E47-862DA747AB4E}"
EndProject
Project("{2150E333-8FDC-42A3-9474-1A3956D46DE8}") = "Plugins", "Plugins", "{06D3A922-9915-4F41-B204-7A4EB533C1B8}"
EndProject
Project("{FAE04EC0-301F-11D3-BF4B-00C04F79EFBC}") = "GZipIO", "Plugins\GZipIO\GZipIO.csproj", "{627EA647-D295-4354-85A6-83B7DC9ADEC6}"
EndProject
Project("{FAE04EC0-301F-11D3-BF4B-00C04F79EFBC}") = "Mage", "Plugins\Mage\Mage.csproj", "{53787FBC-488C-44A8-AA26-CF5CCC610B45}"
EndProject
Project("{FAE04EC0-301F-11D3-BF4B-00C04F79EFBC}") = "MagicOnline", "Plugins\MagicOnline\MagicOnline.csproj", "{10FDEB2C-E172-4590-AAA6-06FBF612A4E1}"
EndProject
Project("{FAE04EC0-301F-11D3-BF4B-00C04F79EFBC}") = "MagicWorkstation", "Plugins\MagicWorkstation\MagicWorkstation.csproj", "{BF270F15-DF51-4FDB-AC49-C14180ECE490}"
EndProject
Project("{FAE04EC0-301F-11D3-BF4B-00C04F79EFBC}") = "VirtualPlaytable", "Plugins\VirtualPlaytable\VirtualPlaytable.csproj", "{991D3FD3-FC25-42FB-AC21-F31096CEE7FF}"
EndProject
Project("{FAE04EC0-301F-11D3-BF4B-00C04F79EFBC}") = "SQLiteIO", "Plugins\SQLiteIO\SQLiteIO.csproj", "{5A2AA5CD-1CD0-4196-9AAF-11E61042BCE7}"
EndProject
Project("{FAE04EC0-301F-11D3-BF4B-00C04F79EFBC}") = "HyperLogger", "HyperLogger\HyperLogger.csproj", "{EA84D043-5A33-4CA4-BC1D-78302D45A73E}"
EndProject
Project("{FAE04EC0-301F-11D3-BF4B-00C04F79EFBC}") = "HyperMTG", "HyperMTG\HyperMTG.csproj", "{C879C911-BA38-42D7-8E4E-CBAD19F64127}"
EndProject
Project("{FAE04EC0-301F-11D3-BF4B-00C04F79EFBC}") = "HyperGame", "HyperGame\HyperGame.csproj", "{6AEA2C23-AF08-46D1-B887-302A6F860B84}"
EndProject
Project("{FAE04EC0-301F-11D3-BF4B-00C04F79EFBC}") = "HyperEvent", "HyperEvent\HyperEvent.csproj", "{F8F353FF-DD06-48A6-B18F-3C066B0B530A}"
EndProject
Project("{FAE04EC0-301F-11D3-BF4B-00C04F79EFBC}") = "HyperNet", "Plugins\HyperNet\HyperNet.csproj", "{FA840418-4E6B-4C4F-B859-F69CB99957BE}"
EndProject
Project("{FAE04EC0-301F-11D3-BF4B-00C04F79EFBC}") = "HyperStyle", "HyperStyle\HyperStyle.csproj", "{B5ED551C-CEDD-40C7-A8FC-AC2DD757D16F}"
EndProject
Project("{FAE04EC0-301F-11D3-BF4B-00C04F79EFBC}") = "HyperWeb", "Plugins\HyperWeb\HyperWeb.csproj", "{4308B3C1-27EC-4B3D-B197-15398A11D069}"
EndProject
Project("{FAE04EC0-301F-11D3-BF4B-00C04F79EFBC}") = "HyperDeck", "Plugins\HyperDeck\HyperDeck.csproj", "{AF2155D5-BFA6-4F24-8582-7F5C7EBC41F4}"
EndProject
Project("{FAE04EC0-301F-11D3-BF4B-00C04F79EFBC}") = "HyperBoard", "HyperBoard\HyperBoard.csproj", "{897EC983-5E81-4355-B02C-75F99034B350}"
EndProject
Project("{FAE04EC0-301F-11D3-BF4B-00C04F79EFBC}") = "HyperService", "HyperService\HyperService.csproj", "{B4E7091F-D2E8-4FFD-A7C9-920E7379431E}"
EndProject
Global
	GlobalSection(SolutionConfigurationPlatforms) = preSolution
		Debug|Any CPU = Debug|Any CPU
		Release|Any CPU = Release|Any CPU
	EndGlobalSection
	GlobalSection(ProjectConfigurationPlatforms) = postSolution
		{74F65D7F-C999-4A0B-8316-9C093660DCF7}.Debug|Any CPU.ActiveCfg = Debug|Any CPU
		{74F65D7F-C999-4A0B-8316-9C093660DCF7}.Debug|Any CPU.Build.0 = Debug|Any CPU
		{74F65D7F-C999-4A0B-8316-9C093660DCF7}.Release|Any CPU.ActiveCfg = Release|Any CPU
		{74F65D7F-C999-4A0B-8316-9C093660DCF7}.Release|Any CPU.Build.0 = Release|Any CPU
		{BEF59A5B-5FAF-405E-9E47-862DA747AB4E}.Debug|Any CPU.ActiveCfg = Debug|Any CPU
		{BEF59A5B-5FAF-405E-9E47-862DA747AB4E}.Debug|Any CPU.Build.0 = Debug|Any CPU
		{BEF59A5B-5FAF-405E-9E47-862DA747AB4E}.Release|Any CPU.ActiveCfg = Release|Any CPU
		{BEF59A5B-5FAF-405E-9E47-862DA747AB4E}.Release|Any CPU.Build.0 = Release|Any CPU
		{627EA647-D295-4354-85A6-83B7DC9ADEC6}.Debug|Any CPU.ActiveCfg = Debug|Any CPU
		{627EA647-D295-4354-85A6-83B7DC9ADEC6}.Debug|Any CPU.Build.0 = Debug|Any CPU
		{627EA647-D295-4354-85A6-83B7DC9ADEC6}.Release|Any CPU.ActiveCfg = Release|Any CPU
		{627EA647-D295-4354-85A6-83B7DC9ADEC6}.Release|Any CPU.Build.0 = Release|Any CPU
		{53787FBC-488C-44A8-AA26-CF5CCC610B45}.Debug|Any CPU.ActiveCfg = Debug|Any CPU
		{53787FBC-488C-44A8-AA26-CF5CCC610B45}.Debug|Any CPU.Build.0 = Debug|Any CPU
		{53787FBC-488C-44A8-AA26-CF5CCC610B45}.Release|Any CPU.ActiveCfg = Release|Any CPU
		{53787FBC-488C-44A8-AA26-CF5CCC610B45}.Release|Any CPU.Build.0 = Release|Any CPU
		{10FDEB2C-E172-4590-AAA6-06FBF612A4E1}.Debug|Any CPU.ActiveCfg = Debug|Any CPU
		{10FDEB2C-E172-4590-AAA6-06FBF612A4E1}.Debug|Any CPU.Build.0 = Debug|Any CPU
		{10FDEB2C-E172-4590-AAA6-06FBF612A4E1}.Release|Any CPU.ActiveCfg = Release|Any CPU
		{10FDEB2C-E172-4590-AAA6-06FBF612A4E1}.Release|Any CPU.Build.0 = Release|Any CPU
		{BF270F15-DF51-4FDB-AC49-C14180ECE490}.Debug|Any CPU.ActiveCfg = Debug|Any CPU
		{BF270F15-DF51-4FDB-AC49-C14180ECE490}.Debug|Any CPU.Build.0 = Debug|Any CPU
		{BF270F15-DF51-4FDB-AC49-C14180ECE490}.Release|Any CPU.ActiveCfg = Release|Any CPU
		{BF270F15-DF51-4FDB-AC49-C14180ECE490}.Release|Any CPU.Build.0 = Release|Any CPU
		{991D3FD3-FC25-42FB-AC21-F31096CEE7FF}.Debug|Any CPU.ActiveCfg = Debug|Any CPU
		{991D3FD3-FC25-42FB-AC21-F31096CEE7FF}.Debug|Any CPU.Build.0 = Debug|Any CPU
		{991D3FD3-FC25-42FB-AC21-F31096CEE7FF}.Release|Any CPU.ActiveCfg = Release|Any CPU
		{991D3FD3-FC25-42FB-AC21-F31096CEE7FF}.Release|Any CPU.Build.0 = Release|Any CPU
		{5A2AA5CD-1CD0-4196-9AAF-11E61042BCE7}.Debug|Any CPU.ActiveCfg = Debug|Any CPU
		{5A2AA5CD-1CD0-4196-9AAF-11E61042BCE7}.Debug|Any CPU.Build.0 = Debug|Any CPU
		{5A2AA5CD-1CD0-4196-9AAF-11E61042BCE7}.Release|Any CPU.ActiveCfg = Release|Any CPU
		{5A2AA5CD-1CD0-4196-9AAF-11E61042BCE7}.Release|Any CPU.Build.0 = Release|Any CPU
		{EA84D043-5A33-4CA4-BC1D-78302D45A73E}.Debug|Any CPU.ActiveCfg = Debug|Any CPU
		{EA84D043-5A33-4CA4-BC1D-78302D45A73E}.Debug|Any CPU.Build.0 = Debug|Any CPU
		{EA84D043-5A33-4CA4-BC1D-78302D45A73E}.Release|Any CPU.ActiveCfg = Release|Any CPU
		{EA84D043-5A33-4CA4-BC1D-78302D45A73E}.Release|Any CPU.Build.0 = Release|Any CPU
		{C879C911-BA38-42D7-8E4E-CBAD19F64127}.Debug|Any CPU.ActiveCfg = Debug|Any CPU
		{C879C911-BA38-42D7-8E4E-CBAD19F64127}.Debug|Any CPU.Build.0 = Debug|Any CPU
		{C879C911-BA38-42D7-8E4E-CBAD19F64127}.Release|Any CPU.ActiveCfg = Release|Any CPU
		{C879C911-BA38-42D7-8E4E-CBAD19F64127}.Release|Any CPU.Build.0 = Release|Any CPU
		{6AEA2C23-AF08-46D1-B887-302A6F860B84}.Debug|Any CPU.ActiveCfg = Debug|Any CPU
		{6AEA2C23-AF08-46D1-B887-302A6F860B84}.Debug|Any CPU.Build.0 = Debug|Any CPU
		{6AEA2C23-AF08-46D1-B887-302A6F860B84}.Release|Any CPU.ActiveCfg = Release|Any CPU
		{6AEA2C23-AF08-46D1-B887-302A6F860B84}.Release|Any CPU.Build.0 = Release|Any CPU
		{F8F353FF-DD06-48A6-B18F-3C066B0B530A}.Debug|Any CPU.ActiveCfg = Debug|Any CPU
		{F8F353FF-DD06-48A6-B18F-3C066B0B530A}.Debug|Any CPU.Build.0 = Debug|Any CPU
		{F8F353FF-DD06-48A6-B18F-3C066B0B530A}.Release|Any CPU.ActiveCfg = Release|Any CPU
		{F8F353FF-DD06-48A6-B18F-3C066B0B530A}.Release|Any CPU.Build.0 = Release|Any CPU
		{FA840418-4E6B-4C4F-B859-F69CB99957BE}.Debug|Any CPU.ActiveCfg = Debug|Any CPU
		{FA840418-4E6B-4C4F-B859-F69CB99957BE}.Debug|Any CPU.Build.0 = Debug|Any CPU
		{FA840418-4E6B-4C4F-B859-F69CB99957BE}.Release|Any CPU.ActiveCfg = Release|Any CPU
		{FA840418-4E6B-4C4F-B859-F69CB99957BE}.Release|Any CPU.Build.0 = Release|Any CPU
		{B5ED551C-CEDD-40C7-A8FC-AC2DD757D16F}.Debug|Any CPU.ActiveCfg = Debug|Any CPU
		{B5ED551C-CEDD-40C7-A8FC-AC2DD757D16F}.Debug|Any CPU.Build.0 = Debug|Any CPU
		{B5ED551C-CEDD-40C7-A8FC-AC2DD757D16F}.Release|Any CPU.ActiveCfg = Release|Any CPU
		{B5ED551C-CEDD-40C7-A8FC-AC2DD757D16F}.Release|Any CPU.Build.0 = Release|Any CPU
		{4308B3C1-27EC-4B3D-B197-15398A11D069}.Debug|Any CPU.ActiveCfg = Debug|Any CPU
		{4308B3C1-27EC-4B3D-B197-15398A11D069}.Debug|Any CPU.Build.0 = Debug|Any CPU
		{4308B3C1-27EC-4B3D-B197-15398A11D069}.Release|Any CPU.ActiveCfg = Release|Any CPU
		{4308B3C1-27EC-4B3D-B197-15398A11D069}.Release|Any CPU.Build.0 = Release|Any CPU
		{AF2155D5-BFA6-4F24-8582-7F5C7EBC41F4}.Debug|Any CPU.ActiveCfg = Debug|Any CPU
		{AF2155D5-BFA6-4F24-8582-7F5C7EBC41F4}.Debug|Any CPU.Build.0 = Debug|Any CPU
		{AF2155D5-BFA6-4F24-8582-7F5C7EBC41F4}.Release|Any CPU.ActiveCfg = Release|Any CPU
		{AF2155D5-BFA6-4F24-8582-7F5C7EBC41F4}.Release|Any CPU.Build.0 = Release|Any CPU
		{897EC983-5E81-4355-B02C-75F99034B350}.Debug|Any CPU.ActiveCfg = Debug|Any CPU
		{897EC983-5E81-4355-B02C-75F99034B350}.Debug|Any CPU.Build.0 = Debug|Any CPU
		{897EC983-5E81-4355-B02C-75F99034B350}.Release|Any CPU.ActiveCfg = Release|Any CPU
		{897EC983-5E81-4355-B02C-75F99034B350}.Release|Any CPU.Build.0 = Release|Any CPU
		{B4E7091F-D2E8-4FFD-A7C9-920E7379431E}.Debug|Any CPU.ActiveCfg = Debug|Any CPU
		{B4E7091F-D2E8-4FFD-A7C9-920E7379431E}.Debug|Any CPU.Build.0 = Debug|Any CPU
		{B4E7091F-D2E8-4FFD-A7C9-920E7379431E}.Release|Any CPU.ActiveCfg = Release|Any CPU
		{B4E7091F-D2E8-4FFD-A7C9-920E7379431E}.Release|Any CPU.Build.0 = Release|Any CPU
	EndGlobalSection
	GlobalSection(SolutionProperties) = preSolution
		HideSolutionNode = FALSE
	EndGlobalSection
	GlobalSection(NestedProjects) = preSolution
		{74F65D7F-C999-4A0B-8316-9C093660DCF7} = {F08168CA-1925-4157-A3FF-B9A1279D41D8}
		{BEF59A5B-5FAF-405E-9E47-862DA747AB4E} = {F08168CA-1925-4157-A3FF-B9A1279D41D8}
		{EA84D043-5A33-4CA4-BC1D-78302D45A73E} = {F08168CA-1925-4157-A3FF-B9A1279D41D8}
		{6AEA2C23-AF08-46D1-B887-302A6F860B84} = {F08168CA-1925-4157-A3FF-B9A1279D41D8}
		{F8F353FF-DD06-48A6-B18F-3C066B0B530A} = {F08168CA-1925-4157-A3FF-B9A1279D41D8}
		{B5ED551C-CEDD-40C7-A8FC-AC2DD757D16F} = {F08168CA-1925-4157-A3FF-B9A1279D41D8}
		{B4E7091F-D2E8-4FFD-A7C9-920E7379431E} = {F08168CA-1925-4157-A3FF-B9A1279D41D8}
		{627EA647-D295-4354-85A6-83B7DC9ADEC6} = {06D3A922-9915-4F41-B204-7A4EB533C1B8}
		{53787FBC-488C-44A8-AA26-CF5CCC610B45} = {06D3A922-9915-4F41-B204-7A4EB533C1B8}
		{10FDEB2C-E172-4590-AAA6-06FBF612A4E1} = {06D3A922-9915-4F41-B204-7A4EB533C1B8}
		{BF270F15-DF51-4FDB-AC49-C14180ECE490} = {06D3A922-9915-4F41-B204-7A4EB533C1B8}
		{991D3FD3-FC25-42FB-AC21-F31096CEE7FF} = {06D3A922-9915-4F41-B204-7A4EB533C1B8}
		{5A2AA5CD-1CD0-4196-9AAF-11E61042BCE7} = {06D3A922-9915-4F41-B204-7A4EB533C1B8}
		{FA840418-4E6B-4C4F-B859-F69CB99957BE} = {06D3A922-9915-4F41-B204-7A4EB533C1B8}
		{4308B3C1-27EC-4B3D-B197-15398A11D069} = {06D3A922-9915-4F41-B204-7A4EB533C1B8}
		{AF2155D5-BFA6-4F24-8582-7F5C7EBC41F4} = {06D3A922-9915-4F41-B204-7A4EB533C1B8}
	EndGlobalSection
EndGlobal
