
Microsoft Visual Studio Solution File, Format Version 12.00
# Visual Studio 2012
Project("{2150E333-8FDC-42A3-9474-1A3956D46DE8}") = "Lib", "Lib", "{F08168CA-1925-4157-A3FF-B9A1279D41D8}"
EndProject
Project("{FAE04EC0-301F-11D3-BF4B-00C04F79EFBC}") = "HyperBase", "HyperBase\HyperBase.csproj", "{74F65D7F-C999-4A0B-8316-9C093660DCF7}"
EndProject
Project("{FAE04EC0-301F-11D3-BF4B-00C04F79EFBC}") = "HyperIO", "HyperIO\HyperIO.csproj", "{5D3DABD4-C6C8-44A1-9CFB-772775BB1E41}"
EndProject
Project("{FAE04EC0-301F-11D3-BF4B-00C04F79EFBC}") = "HyperNet", "HyperNet\HyperNet.csproj", "{FA840418-4E6B-4C4F-B859-F69CB99957BE}"
EndProject
Project("{FAE04EC0-301F-11D3-BF4B-00C04F79EFBC}") = "HyperPlugin", "HyperPlugin\HyperPlugin.csproj", "{BEF59A5B-5FAF-405E-9E47-862DA747AB4E}"
EndProject
Project("{FAE04EC0-301F-11D3-BF4B-00C04F79EFBC}") = "HyperUtilities", "HyperUtilities\HyperUtilities.csproj", "{BC0A9EE3-7D4A-4DAB-9F0B-F2D1EA31778B}"
EndProject
Project("{FAE04EC0-301F-11D3-BF4B-00C04F79EFBC}") = "HyperWeb", "HyperWeb\HyperWeb.csproj", "{0E1BB8B4-E7F6-43B2-BE69-1AB97E82ECFC}"
EndProject
Project("{FAE04EC0-301F-11D3-BF4B-00C04F79EFBC}") = "HyperXception", "HyperXception\HyperXception.csproj", "{47841B31-279E-4DEC-9B61-AA92A970C903}"
EndProject
Project("{2150E333-8FDC-42A3-9474-1A3956D46DE8}") = "Plugins", "Plugins", "{06D3A922-9915-4F41-B204-7A4EB533C1B8}"
EndProject
Project("{FAE04EC0-301F-11D3-BF4B-00C04F79EFBC}") = "GZipIO", "Plugins\GZipIO\GZipIO.csproj", "{627EA647-D295-4354-85A6-83B7DC9ADEC6}"
EndProject
Project("{FAE04EC0-301F-11D3-BF4B-00C04F79EFBC}") = "Mage", "Plugins\Mage\Mage.csproj", "{53787FBC-488C-44A8-AA26-CF5CCC610B45}"
EndProject
Project("{FAE04EC0-301F-11D3-BF4B-00C04F79EFBC}") = "MagicOnline", "Plugins\MagicOnline\MagicOnline.csproj", "{10FDEB2C-E172-4590-AAA6-06FBF612A4E1}"
EndProject
Project("{FAE04EC0-301F-11D3-BF4B-00C04F79EFBC}") = "MagicWorkstation", "Plugins\MagicWorkstation\MagicWorkstation.csproj", "{BF270F15-DF51-4FDB-AC49-C14180ECE490}"
EndProject
Project("{FAE04EC0-301F-11D3-BF4B-00C04F79EFBC}") = "VirtualPlaytable", "Plugins\VirtualPlaytable\VirtualPlaytable.csproj", "{991D3FD3-FC25-42FB-AC21-F31096CEE7FF}"
EndProject
Project("{FAE04EC0-301F-11D3-BF4B-00C04F79EFBC}") = "SQLiteIO", "Plugins\SQLiteIO\SQLiteIO.csproj", "{5A2AA5CD-1CD0-4196-9AAF-11E61042BCE7}"
EndProject
Project("{FAE04EC0-301F-11D3-BF4B-00C04F79EFBC}") = "HyperLogger", "HyperLogger\HyperLogger.csproj", "{EA84D043-5A33-4CA4-BC1D-78302D45A73E}"
EndProject
Project("{FAE04EC0-301F-11D3-BF4B-00C04F79EFBC}") = "HyperMTG", "HyperMTG\HyperMTG.csproj", "{C879C911-BA38-42D7-8E4E-CBAD19F64127}"
EndProject
Global
	GlobalSection(SolutionConfigurationPlatforms) = preSolution
		Debug|Any CPU = Debug|Any CPU
		Release|Any CPU = Release|Any CPU
	EndGlobalSection
	GlobalSection(ProjectConfigurationPlatforms) = postSolution
		{74F65D7F-C999-4A0B-8316-9C093660DCF7}.Debug|Any CPU.ActiveCfg = Debug|Any CPU
		{74F65D7F-C999-4A0B-8316-9C093660DCF7}.Debug|Any CPU.Build.0 = Debug|Any CPU
		{74F65D7F-C999-4A0B-8316-9C093660DCF7}.Release|Any CPU.ActiveCfg = Release|Any CPU
		{74F65D7F-C999-4A0B-8316-9C093660DCF7}.Release|Any CPU.Build.0 = Release|Any CPU
		{5D3DABD4-C6C8-44A1-9CFB-772775BB1E41}.Debug|Any CPU.ActiveCfg = Debug|Any CPU
		{5D3DABD4-C6C8-44A1-9CFB-772775BB1E41}.Debug|Any CPU.Build.0 = Debug|Any CPU
		{5D3DABD4-C6C8-44A1-9CFB-772775BB1E41}.Release|Any CPU.ActiveCfg = Release|Any CPU
		{5D3DABD4-C6C8-44A1-9CFB-772775BB1E41}.Release|Any CPU.Build.0 = Release|Any CPU
		{FA840418-4E6B-4C4F-B859-F69CB99957BE}.Debug|Any CPU.ActiveCfg = Debug|Any CPU
		{FA840418-4E6B-4C4F-B859-F69CB99957BE}.Debug|Any CPU.Build.0 = Debug|Any CPU
		{FA840418-4E6B-4C4F-B859-F69CB99957BE}.Release|Any CPU.ActiveCfg = Release|Any CPU
		{FA840418-4E6B-4C4F-B859-F69CB99957BE}.Release|Any CPU.Build.0 = Release|Any CPU
		{BEF59A5B-5FAF-405E-9E47-862DA747AB4E}.Debug|Any CPU.ActiveCfg = Debug|Any CPU
		{BEF59A5B-5FAF-405E-9E47-862DA747AB4E}.Debug|Any CPU.Build.0 = Debug|Any CPU
		{BEF59A5B-5FAF-405E-9E47-862DA747AB4E}.Release|Any CPU.ActiveCfg = Release|Any CPU
		{BEF59A5B-5FAF-405E-9E47-862DA747AB4E}.Release|Any CPU.Build.0 = Release|Any CPU
		{BC0A9EE3-7D4A-4DAB-9F0B-F2D1EA31778B}.Debug|Any CPU.ActiveCfg = Debug|Any CPU
		{BC0A9EE3-7D4A-4DAB-9F0B-F2D1EA31778B}.Debug|Any CPU.Build.0 = Debug|Any CPU
		{BC0A9EE3-7D4A-4DAB-9F0B-F2D1EA31778B}.Release|Any CPU.ActiveCfg = Release|Any CPU
		{BC0A9EE3-7D4A-4DAB-9F0B-F2D1EA31778B}.Release|Any CPU.Build.0 = Release|Any CPU
		{0E1BB8B4-E7F6-43B2-BE69-1AB97E82ECFC}.Debug|Any CPU.ActiveCfg = Debug|Any CPU
		{0E1BB8B4-E7F6-43B2-BE69-1AB97E82ECFC}.Debug|Any CPU.Build.0 = Debug|Any CPU
		{0E1BB8B4-E7F6-43B2-BE69-1AB97E82ECFC}.Release|Any CPU.ActiveCfg = Release|Any CPU
		{0E1BB8B4-E7F6-43B2-BE69-1AB97E82ECFC}.Release|Any CPU.Build.0 = Release|Any CPU
		{47841B31-279E-4DEC-9B61-AA92A970C903}.Debug|Any CPU.ActiveCfg = Debug|Any CPU
		{47841B31-279E-4DEC-9B61-AA92A970C903}.Debug|Any CPU.Build.0 = Debug|Any CPU
		{47841B31-279E-4DEC-9B61-AA92A970C903}.Release|Any CPU.ActiveCfg = Release|Any CPU
		{47841B31-279E-4DEC-9B61-AA92A970C903}.Release|Any CPU.Build.0 = Release|Any CPU
		{627EA647-D295-4354-85A6-83B7DC9ADEC6}.Debug|Any CPU.ActiveCfg = Debug|Any CPU
		{627EA647-D295-4354-85A6-83B7DC9ADEC6}.Debug|Any CPU.Build.0 = Debug|Any CPU
		{627EA647-D295-4354-85A6-83B7DC9ADEC6}.Release|Any CPU.ActiveCfg = Release|Any CPU
		{627EA647-D295-4354-85A6-83B7DC9ADEC6}.Release|Any CPU.Build.0 = Release|Any CPU
		{53787FBC-488C-44A8-AA26-CF5CCC610B45}.Debug|Any CPU.ActiveCfg = Debug|Any CPU
		{53787FBC-488C-44A8-AA26-CF5CCC610B45}.Debug|Any CPU.Build.0 = Debug|Any CPU
		{53787FBC-488C-44A8-AA26-CF5CCC610B45}.Release|Any CPU.ActiveCfg = Release|Any CPU
		{53787FBC-488C-44A8-AA26-CF5CCC610B45}.Release|Any CPU.Build.0 = Release|Any CPU
		{10FDEB2C-E172-4590-AAA6-06FBF612A4E1}.Debug|Any CPU.ActiveCfg = Debug|Any CPU
		{10FDEB2C-E172-4590-AAA6-06FBF612A4E1}.Debug|Any CPU.Build.0 = Debug|Any CPU
		{10FDEB2C-E172-4590-AAA6-06FBF612A4E1}.Release|Any CPU.ActiveCfg = Release|Any CPU
		{10FDEB2C-E172-4590-AAA6-06FBF612A4E1}.Release|Any CPU.Build.0 = Release|Any CPU
		{BF270F15-DF51-4FDB-AC49-C14180ECE490}.Debug|Any CPU.ActiveCfg = Debug|Any CPU
		{BF270F15-DF51-4FDB-AC49-C14180ECE490}.Debug|Any CPU.Build.0 = Debug|Any CPU
		{BF270F15-DF51-4FDB-AC49-C14180ECE490}.Release|Any CPU.ActiveCfg = Release|Any CPU
		{BF270F15-DF51-4FDB-AC49-C14180ECE490}.Release|Any CPU.Build.0 = Release|Any CPU
		{991D3FD3-FC25-42FB-AC21-F31096CEE7FF}.Debug|Any CPU.ActiveCfg = Debug|Any CPU
		{991D3FD3-FC25-42FB-AC21-F31096CEE7FF}.Debug|Any CPU.Build.0 = Debug|Any CPU
		{991D3FD3-FC25-42FB-AC21-F31096CEE7FF}.Release|Any CPU.ActiveCfg = Release|Any CPU
		{991D3FD3-FC25-42FB-AC21-F31096CEE7FF}.Release|Any CPU.Build.0 = Release|Any CPU
		{5A2AA5CD-1CD0-4196-9AAF-11E61042BCE7}.Debug|Any CPU.ActiveCfg = Debug|Any CPU
		{5A2AA5CD-1CD0-4196-9AAF-11E61042BCE7}.Debug|Any CPU.Build.0 = Debug|Any CPU
		{5A2AA5CD-1CD0-4196-9AAF-11E61042BCE7}.Release|Any CPU.ActiveCfg = Release|Any CPU
		{5A2AA5CD-1CD0-4196-9AAF-11E61042BCE7}.Release|Any CPU.Build.0 = Release|Any CPU
		{EA84D043-5A33-4CA4-BC1D-78302D45A73E}.Debug|Any CPU.ActiveCfg = Debug|Any CPU
		{EA84D043-5A33-4CA4-BC1D-78302D45A73E}.Debug|Any CPU.Build.0 = Debug|Any CPU
		{EA84D043-5A33-4CA4-BC1D-78302D45A73E}.Release|Any CPU.ActiveCfg = Release|Any CPU
		{EA84D043-5A33-4CA4-BC1D-78302D45A73E}.Release|Any CPU.Build.0 = Release|Any CPU
		{C879C911-BA38-42D7-8E4E-CBAD19F64127}.Debug|Any CPU.ActiveCfg = Debug|Any CPU
		{C879C911-BA38-42D7-8E4E-CBAD19F64127}.Debug|Any CPU.Build.0 = Debug|Any CPU
		{C879C911-BA38-42D7-8E4E-CBAD19F64127}.Release|Any CPU.ActiveCfg = Release|Any CPU
		{C879C911-BA38-42D7-8E4E-CBAD19F64127}.Release|Any CPU.Build.0 = Release|Any CPU
	EndGlobalSection
	GlobalSection(SolutionProperties) = preSolution
		HideSolutionNode = FALSE
	EndGlobalSection
	GlobalSection(NestedProjects) = preSolution
		{74F65D7F-C999-4A0B-8316-9C093660DCF7} = {F08168CA-1925-4157-A3FF-B9A1279D41D8}
		{5D3DABD4-C6C8-44A1-9CFB-772775BB1E41} = {F08168CA-1925-4157-A3FF-B9A1279D41D8}
		{FA840418-4E6B-4C4F-B859-F69CB99957BE} = {F08168CA-1925-4157-A3FF-B9A1279D41D8}
		{BEF59A5B-5FAF-405E-9E47-862DA747AB4E} = {F08168CA-1925-4157-A3FF-B9A1279D41D8}
		{BC0A9EE3-7D4A-4DAB-9F0B-F2D1EA31778B} = {F08168CA-1925-4157-A3FF-B9A1279D41D8}
		{0E1BB8B4-E7F6-43B2-BE69-1AB97E82ECFC} = {F08168CA-1925-4157-A3FF-B9A1279D41D8}
		{47841B31-279E-4DEC-9B61-AA92A970C903} = {F08168CA-1925-4157-A3FF-B9A1279D41D8}
		{EA84D043-5A33-4CA4-BC1D-78302D45A73E} = {F08168CA-1925-4157-A3FF-B9A1279D41D8}
		{627EA647-D295-4354-85A6-83B7DC9ADEC6} = {06D3A922-9915-4F41-B204-7A4EB533C1B8}
		{53787FBC-488C-44A8-AA26-CF5CCC610B45} = {06D3A922-9915-4F41-B204-7A4EB533C1B8}
		{10FDEB2C-E172-4590-AAA6-06FBF612A4E1} = {06D3A922-9915-4F41-B204-7A4EB533C1B8}
		{BF270F15-DF51-4FDB-AC49-C14180ECE490} = {06D3A922-9915-4F41-B204-7A4EB533C1B8}
		{991D3FD3-FC25-42FB-AC21-F31096CEE7FF} = {06D3A922-9915-4F41-B204-7A4EB533C1B8}
		{5A2AA5CD-1CD0-4196-9AAF-11E61042BCE7} = {06D3A922-9915-4F41-B204-7A4EB533C1B8}
	EndGlobalSection
EndGlobal
